// !$*UTF8*$!
{
	archiveVersion = 1;
	classes = {
	};
	objectVersion = 50;
	objects = {

/* Begin PBXBuildFile section */
		7F10EEC423D0B769009CCCCB /* AppDelegate.swift in Sources */ = {isa = PBXBuildFile; fileRef = 7F10EEC323D0B769009CCCCB /* AppDelegate.swift */; };
		7F10EEC623D0B769009CCCCB /* SceneDelegate.swift in Sources */ = {isa = PBXBuildFile; fileRef = 7F10EEC523D0B769009CCCCB /* SceneDelegate.swift */; };
		7F10EEC823D0B769009CCCCB /* ViewController.swift in Sources */ = {isa = PBXBuildFile; fileRef = 7F10EEC723D0B769009CCCCB /* ViewController.swift */; };
		7F10EECB23D0B769009CCCCB /* Main.storyboard in Resources */ = {isa = PBXBuildFile; fileRef = 7F10EEC923D0B769009CCCCB /* Main.storyboard */; };
		7F10EECD23D0B76D009CCCCB /* Assets.xcassets in Resources */ = {isa = PBXBuildFile; fileRef = 7F10EECC23D0B76D009CCCCB /* Assets.xcassets */; };
		7F10EED023D0B76D009CCCCB /* LaunchScreen.storyboard in Resources */ = {isa = PBXBuildFile; fileRef = 7F10EECE23D0B76D009CCCCB /* LaunchScreen.storyboard */; };
		7F10EED823D0B8BE009CCCCB /* AppPresenter.swift in Sources */ = {isa = PBXBuildFile; fileRef = 7F10EED723D0B8BE009CCCCB /* AppPresenter.swift */; };
		7F10EEDA23D0B8D6009CCCCB /* AppModel.swift in Sources */ = {isa = PBXBuildFile; fileRef = 7F10EED923D0B8D6009CCCCB /* AppModel.swift */; };
		7F10EEDC23D0B8E9009CCCCB /* AppView.swift in Sources */ = {isa = PBXBuildFile; fileRef = 7F10EEDB23D0B8E9009CCCCB /* AppView.swift */; };
/* End PBXBuildFile section */

/* Begin PBXFileReference section */
		7F10EEC023D0B769009CCCCB /* MVP.app */ = {isa = PBXFileReference; explicitFileType = wrapper.application; includeInIndex = 0; path = MVP.app; sourceTree = BUILT_PRODUCTS_DIR; };
		7F10EEC323D0B769009CCCCB /* AppDelegate.swift */ = {isa = PBXFileReference; lastKnownFileType = sourcecode.swift; path = AppDelegate.swift; sourceTree = "<group>"; };
		7F10EEC523D0B769009CCCCB /* SceneDelegate.swift */ = {isa = PBXFileReference; lastKnownFileType = sourcecode.swift; path = SceneDelegate.swift; sourceTree = "<group>"; };
		7F10EEC723D0B769009CCCCB /* ViewController.swift */ = {isa = PBXFileReference; lastKnownFileType = sourcecode.swift; path = ViewController.swift; sourceTree = "<group>"; };
		7F10EECA23D0B769009CCCCB /* Base */ = {isa = PBXFileReference; lastKnownFileType = file.storyboard; name = Base; path = Base.lproj/Main.storyboard; sourceTree = "<group>"; };
		7F10EECC23D0B76D009CCCCB /* Assets.xcassets */ = {isa = PBXFileReference; lastKnownFileType = folder.assetcatalog; path = Assets.xcassets; sourceTree = "<group>"; };
		7F10EECF23D0B76D009CCCCB /* Base */ = {isa = PBXFileReference; lastKnownFileType = file.storyboard; name = Base; path = Base.lproj/LaunchScreen.storyboard; sourceTree = "<group>"; };
		7F10EED123D0B76D009CCCCB /* Info.plist */ = {isa = PBXFileReference; lastKnownFileType = text.plist.xml; path = Info.plist; sourceTree = "<group>"; };
		7F10EED723D0B8BE009CCCCB /* AppPresenter.swift */ = {isa = PBXFileReference; lastKnownFileType = sourcecode.swift; path = AppPresenter.swift; sourceTree = "<group>"; };
		7F10EED923D0B8D6009CCCCB /* AppModel.swift */ = {isa = PBXFileReference; lastKnownFileType = sourcecode.swift; path = AppModel.swift; sourceTree = "<group>"; };
		7F10EEDB23D0B8E9009CCCCB /* AppView.swift */ = {isa = PBXFileReference; lastKnownFileType = sourcecode.swift; path = AppView.swift; sourceTree = "<group>"; };
/* End PBXFileReference section */

/* Begin PBXFrameworksBuildPhase section */
		7F10EEBD23D0B769009CCCCB /* Frameworks */ = {
			isa = PBXFrameworksBuildPhase;
			buildActionMask = 2147483647;
			files = (
			);
			runOnlyForDeploymentPostprocessing = 0;
		};
/* End PBXFrameworksBuildPhase section */

/* Begin PBXGroup section */
		7F10EEB723D0B769009CCCCB = {
			isa = PBXGroup;
			children = (
				7F10EEC223D0B769009CCCCB /* MVP */,
				7F10EEC123D0B769009CCCCB /* Products */,
			);
			sourceTree = "<group>";
		};
		7F10EEC123D0B769009CCCCB /* Products */ = {
			isa = PBXGroup;
			children = (
				7F10EEC023D0B769009CCCCB /* MVP.app */,
			);
			name = Products;
			sourceTree = "<group>";
		};
		7F10EEC223D0B769009CCCCB /* MVP */ = {
			isa = PBXGroup;
			children = (
				7F10EEC323D0B769009CCCCB /* AppDelegate.swift */,
				7F10EEC523D0B769009CCCCB /* SceneDelegate.swift */,
				7F10EEC723D0B769009CCCCB /* ViewController.swift */,
				7F10EED723D0B8BE009CCCCB /* AppPresenter.swift */,
				7F10EED923D0B8D6009CCCCB /* AppModel.swift */,
				7F10EEDB23D0B8E9009CCCCB /* AppView.swift */,
				7F10EEC923D0B769009CCCCB /* Main.storyboard */,
				7F10EECC23D0B76D009CCCCB /* Assets.xcassets */,
				7F10EECE23D0B76D009CCCCB /* LaunchScreen.storyboard */,
				7F10EED123D0B76D009CCCCB /* Info.plist */,
			);
			path = MVP;
			sourceTree = "<group>";
		};
/* End PBXGroup section */

/* Begin PBXNativeTarget section */
		7F10EEBF23D0B769009CCCCB /* MVP */ = {
			isa = PBXNativeTarget;
			buildConfigurationList = 7F10EED423D0B76D009CCCCB /* Build configuration list for PBXNativeTarget "MVP" */;
			buildPhases = (
				7F10EEBC23D0B769009CCCCB /* Sources */,
				7F10EEBD23D0B769009CCCCB /* Frameworks */,
				7F10EEBE23D0B769009CCCCB /* Resources */,
			);
			buildRules = (
			);
			dependencies = (
			);
			name = MVP;
			productName = MVP;
			productReference = 7F10EEC023D0B769009CCCCB /* MVP.app */;
			productType = "com.apple.product-type.application";
		};
/* End PBXNativeTarget section */

/* Begin PBXProject section */
		7F10EEB823D0B769009CCCCB /* Project object */ = {
			isa = PBXProject;
			attributes = {
				LastSwiftUpdateCheck = 1130;
				LastUpgradeCheck = 1130;
				ORGANIZATIONNAME = "ZeKun Li";
				TargetAttributes = {
					7F10EEBF23D0B769009CCCCB = {
						CreatedOnToolsVersion = 11.3.1;
					};
				};
			};
			buildConfigurationList = 7F10EEBB23D0B769009CCCCB /* Build configuration list for PBXProject "MVP" */;
			compatibilityVersion = "Xcode 9.3";
			developmentRegion = en;
			hasScannedForEncodings = 0;
			knownRegions = (
				en,
				Base,
			);
			mainGroup = 7F10EEB723D0B769009CCCCB;
			productRefGroup = 7F10EEC123D0B769009CCCCB /* Products */;
			projectDirPath = "";
			projectRoot = "";
			targets = (
				7F10EEBF23D0B769009CCCCB /* MVP */,
			);
		};
/* End PBXProject section */

/* Begin PBXResourcesBuildPhase section */
		7F10EEBE23D0B769009CCCCB /* Resources */ = {
			isa = PBXResourcesBuildPhase;
			buildActionMask = 2147483647;
			files = (
				7F10EED023D0B76D009CCCCB /* LaunchScreen.storyboard in Resources */,
				7F10EECD23D0B76D009CCCCB /* Assets.xcassets in Resources */,
				7F10EECB23D0B769009CCCCB /* Main.storyboard in Resources */,
			);
			runOnlyForDeploymentPostprocessing = 0;
		};
/* End PBXResourcesBuildPhase section */

/* Begin PBXSourcesBuildPhase section */
		7F10EEBC23D0B769009CCCCB /* Sources */ = {
			isa = PBXSourcesBuildPhase;
			buildActionMask = 2147483647;
			files = (
				7F10EEC823D0B769009CCCCB /* ViewController.swift in Sources */,
				7F10EEC423D0B769009CCCCB /* AppDelegate.swift in Sources */,
				7F10EEDC23D0B8E9009CCCCB /* AppView.swift in Sources */,
				7F10EED823D0B8BE009CCCCB /* AppPresenter.swift in Sources */,
				7F10EEDA23D0B8D6009CCCCB /* AppModel.swift in Sources */,
				7F10EEC623D0B769009CCCCB /* SceneDelegate.swift in Sources */,
			);
			runOnlyForDeploymentPostprocessing = 0;
		};
/* End PBXSourcesBuildPhase section */

/* Begin PBXVariantGroup section */
		7F10EEC923D0B769009CCCCB /* Main.storyboard */ = {
			isa = PBXVariantGroup;
			children = (
				7F10EECA23D0B769009CCCCB /* Base */,
			);
			name = Main.storyboard;
			sourceTree = "<group>";
		};
		7F10EECE23D0B76D009CCCCB /* LaunchScreen.storyboard */ = {
			isa = PBXVariantGroup;
			children = (
				7F10EECF23D0B76D009CCCCB /* Base */,
			);
			name = LaunchScreen.storyboard;
			sourceTree = "<group>";
		};
/* End PBXVariantGroup section */

/* Begin XCBuildConfiguration section */
		7F10EED223D0B76D009CCCCB /* Debug */ = {
			isa = XCBuildConfiguration;
			buildSettings = {
				ALWAYS_SEARCH_USER_PATHS = NO;
				CLANG_ANALYZER_NONNULL = YES;
				CLANG_ANALYZER_NUMBER_OBJECT_CONVERSION = YES_AGGRESSIVE;
				CLANG_CXX_LANGUAGE_STANDARD = "gnu++14";
				CLANG_CXX_LIBRARY = "libc++";
				CLANG_ENABLE_MODULES = YES;
				CLANG_ENABLE_OBJC_ARC = YES;
				CLANG_ENABLE_OBJC_WEAK = YES;
				CLANG_WARN_BLOCK_CAPTURE_AUTORELEASING = YES;
				CLANG_WARN_BOOL_CONVERSION = YES;
				CLANG_WARN_COMMA = YES;
				CLANG_WARN_CONSTANT_CONVERSION = YES;
				CLANG_WARN_DEPRECATED_OBJC_IMPLEMENTATIONS = YES;
				CLANG_WARN_DIRECT_OBJC_ISA_USAGE = YES_ERROR;
				CLANG_WARN_DOCUMENTATION_COMMENTS = YES;
				CLANG_WARN_EMPTY_BODY = YES;
				CLANG_WARN_ENUM_CONVERSION = YES;
				CLANG_WARN_INFINITE_RECURSION = YES;
				CLANG_WARN_INT_CONVERSION = YES;
				CLANG_WARN_NON_LITERAL_NULL_CONVERSION = YES;
				CLANG_WARN_OBJC_IMPLICIT_RETAIN_SELF = YES;
				CLANG_WARN_OBJC_LITERAL_CONVERSION = YES;
				CLANG_WARN_OBJC_ROOT_CLASS = YES_ERROR;
				CLANG_WARN_RANGE_LOOP_ANALYSIS = YES;
				CLANG_WARN_STRICT_PROTOTYPES = YES;
				CLANG_WARN_SUSPICIOUS_MOVE = YES;
				CLANG_WARN_UNGUARDED_AVAILABILITY = YES_AGGRESSIVE;
				CLANG_WARN_UNREACHABLE_CODE = YES;
				CLANG_WARN__DUPLICATE_METHOD_MATCH = YES;
				COPY_PHASE_STRIP = NO;
				DEBUG_INFORMATION_FORMAT = dwarf;
				ENABLE_STRICT_OBJC_MSGSEND = YES;
				ENABLE_TESTABILITY = YES;
				GCC_C_LANGUAGE_STANDARD = gnu11;
				GCC_DYNAMIC_NO_PIC = NO;
				GCC_NO_COMMON_BLOCKS = YES;
				GCC_OPTIMIZATION_LEVEL = 0;
				GCC_PREPROCESSOR_DEFINITIONS = (
					"DEBUG=1",
					"$(inherited)",
				);
				GCC_WARN_64_TO_32_BIT_CONVERSION = YES;
				GCC_WARN_ABOUT_RETURN_TYPE = YES_ERROR;
				GCC_WARN_UNDECLARED_SELECTOR = YES;
				GCC_WARN_UNINITIALIZED_AUTOS = YES_AGGRESSIVE;
				GCC_WARN_UNUSED_FUNCTION = YES;
				GCC_WARN_UNUSED_VARIABLE = YES;
				IPHONEOS_DEPLOYMENT_TARGET = 13.2;
				MTL_ENABLE_DEBUG_INFO = INCLUDE_SOURCE;
				MTL_FAST_MATH = YES;
				ONLY_ACTIVE_ARCH = YES;
				SDKROOT = iphoneos;
				SWIFT_ACTIVE_COMPILATION_CONDITIONS = DEBUG;
				SWIFT_OPTIMIZATION_LEVEL = "-Onone";
			};
			name = Debug;
		};
		7F10EED323D0B76D009CCCCB /* Release */ = {
			isa = XCBuildConfiguration;
			buildSettings = {
				ALWAYS_SEARCH_USER_PATHS = NO;
				CLANG_ANALYZER_NONNULL = YES;
				CLANG_ANALYZER_NUMBER_OBJECT_CONVERSION = YES_AGGRESSIVE;
				CLANG_CXX_LANGUAGE_STANDARD = "gnu++14";
				CLANG_CXX_LIBRARY = "libc++";
				CLANG_ENABLE_MODULES = YES;
				CLANG_ENABLE_OBJC_ARC = YES;
				CLANG_ENABLE_OBJC_WEAK = YES;
				CLANG_WARN_BLOCK_CAPTURE_AUTORELEASING = YES;
				CLANG_WARN_BOOL_CONVERSION = YES;
				CLANG_WARN_COMMA = YES;
				CLANG_WARN_CONSTANT_CONVERSION = YES;
				CLANG_WARN_DEPRECATED_OBJC_IMPLEMENTATIONS = YES;
				CLANG_WARN_DIRECT_OBJC_ISA_USAGE = YES_ERROR;
				CLANG_WARN_DOCUMENTATION_COMMENTS = YES;
				CLANG_WARN_EMPTY_BODY = YES;
				CLANG_WARN_ENUM_CONVERSION = YES;
				CLANG_WARN_INFINITE_RECURSION = YES;
				CLANG_WARN_INT_CONVERSION = YES;
				CLANG_WARN_NON_LITERAL_NULL_CONVERSION = YES;
				CLANG_WARN_OBJC_IMPLICIT_RETAIN_SELF = YES;
				CLANG_WARN_OBJC_LITERAL_CONVERSION = YES;
				CLANG_WARN_OBJC_ROOT_CLASS = YES_ERROR;
				CLANG_WARN_RANGE_LOOP_ANALYSIS = YES;
				CLANG_WARN_STRICT_PROTOTYPES = YES;
				CLANG_WARN_SUSPICIOUS_MOVE = YES;
				CLANG_WARN_UNGUARDED_AVAILABILITY = YES_AGGRESSIVE;
				CLANG_WARN_UNREACHABLE_CODE = YES;
				CLANG_WARN__DUPLICATE_METHOD_MATCH = YES;
				COPY_PHASE_STRIP = NO;
				DEBUG_INFORMATION_FORMAT = "dwarf-with-dsym";
				ENABLE_NS_ASSERTIONS = NO;
				ENABLE_STRICT_OBJC_MSGSEND = YES;
				GCC_C_LANGUAGE_STANDARD = gnu11;
				GCC_NO_COMMON_BLOCKS = YES;
				GCC_WARN_64_TO_32_BIT_CONVERSION = YES;
				GCC_WARN_ABOUT_RETURN_TYPE = YES_ERROR;
				GCC_WARN_UNDECLARED_SELECTOR = YES;
				GCC_WARN_UNINITIALIZED_AUTOS = YES_AGGRESSIVE;
				GCC_WARN_UNUSED_FUNCTION = YES;
				GCC_WARN_UNUSED_VARIABLE = YES;
				IPHONEOS_DEPLOYMENT_TARGET = 13.2;
				MTL_ENABLE_DEBUG_INFO = NO;
				MTL_FAST_MATH = YES;
				SDKROOT = iphoneos;
				SWIFT_COMPILATION_MODE = wholemodule;
				SWIFT_OPTIMIZATION_LEVEL = "-O";
				VALIDATE_PRODUCT = YES;
			};
			name = Release;
		};
		7F10EED523D0B76D009CCCCB /* Debug */ = {
			isa = XCBuildConfiguration;
			buildSettings = {
				ASSETCATALOG_COMPILER_APPICON_NAME = AppIcon;
				CODE_SIGN_STYLE = Automatic;
				DEVELOPMENT_TEAM = 3MLN3Q39SR;
				INFOPLIST_FILE = MVP/Info.plist;
				IPHONEOS_DEPLOYMENT_TARGET = 13.2;
				LD_RUNPATH_SEARCH_PATHS = (
					"$(inherited)",
					"@executable_path/Frameworks",
				);
				PRODUCT_BUNDLE_IDENTIFIER = Personal.MVP;
				PRODUCT_NAME = "$(TARGET_NAME)";
				SWIFT_VERSION = 5.0;
				TARGETED_DEVICE_FAMILY = "1,2";
			};
			name = Debug;
		};
		7F10EED623D0B76D009CCCCB /* Release */ = {
			isa = XCBuildConfiguration;
			buildSettings = {
				ASSETCATALOG_COMPILER_APPICON_NAME = AppIcon;
				CODE_SIGN_STYLE = Automatic;
				DEVELOPMENT_TEAM = 3MLN3Q39SR;
				INFOPLIST_FILE = MVP/Info.plist;
				IPHONEOS_DEPLOYMENT_TARGET = 13.2;
				LD_RUNPATH_SEARCH_PATHS = (
					"$(inherited)",
					"@executable_path/Frameworks",
				);
				PRODUCT_BUNDLE_IDENTIFIER = Personal.MVP;
				PRODUCT_NAME = "$(TARGET_NAME)";
				SWIFT_VERSION = 5.0;
				TARGETED_DEVICE_FAMILY = "1,2";
			};
			name = Release;
		};
/* End XCBuildConfiguration section */

/* Begin XCConfigurationList section */
		7F10EEBB23D0B769009CCCCB /* Build configuration list for PBXProject "MVP" */ = {
			isa = XCConfigurationList;
			buildConfigurations = (
				7F10EED223D0B76D009CCCCB /* Debug */,
				7F10EED323D0B76D009CCCCB /* Release */,
			);
			defaultConfigurationIsVisible = 0;
			defaultConfigurationName = Release;
		};
		7F10EED423D0B76D009CCCCB /* Build configuration list for PBXNativeTarget "MVP" */ = {
			isa = XCConfigurationList;
			buildConfigurations = (
				7F10EED523D0B76D009CCCCB /* Debug */,
				7F10EED623D0B76D009CCCCB /* Release */,
			);
			defaultConfigurationIsVisible = 0;
			defaultConfigurationName = Release;
		};
/* End XCConfigurationList section */
	};
	rootObject = 7F10EEB823D0B769009CCCCB /* Project object */;
}
