// !$*UTF8*$!
{
	archiveVersion = 1;
	classes = {
	};
	objectVersion = 50;
	objects = {

/* Begin PBXBuildFile section */
		7F9DFFE224E83FF100D4714B /* main.m in Sources */ = {isa = PBXBuildFile; fileRef = 7F9DFFE124E83FF100D4714B /* main.m */; };
		7F9DFFEA24E8400D00D4714B /* ZKPerson.m in Sources */ = {isa = PBXBuildFile; fileRef = 7F9DFFE924E8400D00D4714B /* ZKPerson.m */; };
		7F9DFFEE24E9833B00D4714B /* ZKDog.m in Sources */ = {isa = PBXBuildFile; fileRef = 7F9DFFED24E9833B00D4714B /* ZKDog.m */; };
/* End PBXBuildFile section */

/* Begin PBXCopyFilesBuildPhase section */
		7F9DFFDC24E83FF100D4714B /* CopyFiles */ = {
			isa = PBXCopyFilesBuildPhase;
			buildActionMask = 2147483647;
			dstPath = /usr/share/man/man1/;
			dstSubfolderSpec = 0;
			files = (
			);
			runOnlyForDeploymentPostprocessing = 1;
		};
/* End PBXCopyFilesBuildPhase section */

/* Begin PBXFileReference section */
		7F9DFFDE24E83FF100D4714B /* Runtime */ = {isa = PBXFileReference; explicitFileType = "compiled.mach-o.executable"; includeInIndex = 0; path = Runtime; sourceTree = BUILT_PRODUCTS_DIR; };
		7F9DFFE124E83FF100D4714B /* main.m */ = {isa = PBXFileReference; lastKnownFileType = sourcecode.c.objc; path = main.m; sourceTree = "<group>"; };
		7F9DFFE824E8400D00D4714B /* ZKPerson.h */ = {isa = PBXFileReference; lastKnownFileType = sourcecode.c.h; path = ZKPerson.h; sourceTree = "<group>"; };
		7F9DFFE924E8400D00D4714B /* ZKPerson.m */ = {isa = PBXFileReference; lastKnownFileType = sourcecode.c.objc; path = ZKPerson.m; sourceTree = "<group>"; };
		7F9DFFEB24E9667300D4714B /* isa.h */ = {isa = PBXFileReference; lastKnownFileType = sourcecode.c.h; path = isa.h; sourceTree = "<group>"; };
		7F9DFFEC24E9833B00D4714B /* ZKDog.h */ = {isa = PBXFileReference; lastKnownFileType = sourcecode.c.h; path = ZKDog.h; sourceTree = "<group>"; };
		7F9DFFED24E9833B00D4714B /* ZKDog.m */ = {isa = PBXFileReference; lastKnownFileType = sourcecode.c.objc; path = ZKDog.m; sourceTree = "<group>"; };
		7F9DFFF224E98B3F00D4714B /* ZKClassInfo.h */ = {isa = PBXFileReference; lastKnownFileType = sourcecode.c.h; path = ZKClassInfo.h; sourceTree = "<group>"; };
		7F9DFFF324E98B7700D4714B /* MJClassInfo.h */ = {isa = PBXFileReference; lastKnownFileType = sourcecode.c.h; path = MJClassInfo.h; sourceTree = "<group>"; };
/* End PBXFileReference section */

/* Begin PBXFrameworksBuildPhase section */
		7F9DFFDB24E83FF100D4714B /* Frameworks */ = {
			isa = PBXFrameworksBuildPhase;
			buildActionMask = 2147483647;
			files = (
			);
			runOnlyForDeploymentPostprocessing = 0;
		};
/* End PBXFrameworksBuildPhase section */

/* Begin PBXGroup section */
		7F9DFFD524E83FF000D4714B = {
			isa = PBXGroup;
			children = (
				7F9DFFE024E83FF100D4714B /* Runtime */,
				7F9DFFDF24E83FF100D4714B /* Products */,
			);
			sourceTree = "<group>";
		};
		7F9DFFDF24E83FF100D4714B /* Products */ = {
			isa = PBXGroup;
			children = (
				7F9DFFDE24E83FF100D4714B /* Runtime */,
			);
			name = Products;
			sourceTree = "<group>";
		};
		7F9DFFE024E83FF100D4714B /* Runtime */ = {
			isa = PBXGroup;
			children = (
				7F9DFFE124E83FF100D4714B /* main.m */,
				7F9DFFEB24E9667300D4714B /* isa.h */,
				7F9DFFE824E8400D00D4714B /* ZKPerson.h */,
				7F9DFFE924E8400D00D4714B /* ZKPerson.m */,
				7F9DFFEC24E9833B00D4714B /* ZKDog.h */,
				7F9DFFED24E9833B00D4714B /* ZKDog.m */,
				7F9DFFF224E98B3F00D4714B /* ZKClassInfo.h */,
				7F9DFFF324E98B7700D4714B /* MJClassInfo.h */,
			);
			path = Runtime;
			sourceTree = "<group>";
		};
/* End PBXGroup section */

/* Begin PBXNativeTarget section */
		7F9DFFDD24E83FF100D4714B /* Runtime */ = {
			isa = PBXNativeTarget;
			buildConfigurationList = 7F9DFFE524E83FF100D4714B /* Build configuration list for PBXNativeTarget "Runtime" */;
			buildPhases = (
				7F9DFFDA24E83FF100D4714B /* Sources */,
				7F9DFFDB24E83FF100D4714B /* Frameworks */,
				7F9DFFDC24E83FF100D4714B /* CopyFiles */,
			);
			buildRules = (
			);
			dependencies = (
			);
			name = Runtime;
			productName = Runtime;
			productReference = 7F9DFFDE24E83FF100D4714B /* Runtime */;
			productType = "com.apple.product-type.tool";
		};
/* End PBXNativeTarget section */

/* Begin PBXProject section */
		7F9DFFD624E83FF000D4714B /* Project object */ = {
			isa = PBXProject;
			attributes = {
				CLASSPREFIX = ZK;
				LastUpgradeCheck = 1150;
				ORGANIZATIONNAME = Personal;
				TargetAttributes = {
					7F9DFFDD24E83FF100D4714B = {
						CreatedOnToolsVersion = 11.5;
					};
				};
			};
			buildConfigurationList = 7F9DFFD924E83FF000D4714B /* Build configuration list for PBXProject "Runtime" */;
			compatibilityVersion = "Xcode 9.3";
			developmentRegion = en;
			hasScannedForEncodings = 0;
			knownRegions = (
				en,
				Base,
			);
			mainGroup = 7F9DFFD524E83FF000D4714B;
			productRefGroup = 7F9DFFDF24E83FF100D4714B /* Products */;
			projectDirPath = "";
			projectRoot = "";
			targets = (
				7F9DFFDD24E83FF100D4714B /* Runtime */,
			);
		};
/* End PBXProject section */

/* Begin PBXSourcesBuildPhase section */
		7F9DFFDA24E83FF100D4714B /* Sources */ = {
			isa = PBXSourcesBuildPhase;
			buildActionMask = 2147483647;
			files = (
				7F9DFFEE24E9833B00D4714B /* ZKDog.m in Sources */,
				7F9DFFE224E83FF100D4714B /* main.m in Sources */,
				7F9DFFEA24E8400D00D4714B /* ZKPerson.m in Sources */,
			);
			runOnlyForDeploymentPostprocessing = 0;
		};
/* End PBXSourcesBuildPhase section */

/* Begin XCBuildConfiguration section */
		7F9DFFE324E83FF100D4714B /* Debug */ = {
			isa = XCBuildConfiguration;
			buildSettings = {
				ALWAYS_SEARCH_USER_PATHS = NO;
				CLANG_ANALYZER_NONNULL = YES;
				CLANG_ANALYZER_NUMBER_OBJECT_CONVERSION = YES_AGGRESSIVE;
				CLANG_CXX_LANGUAGE_STANDARD = "gnu++14";
				CLANG_CXX_LIBRARY = "libc++";
				CLANG_ENABLE_MODULES = YES;
				CLANG_ENABLE_OBJC_ARC = YES;
				CLANG_ENABLE_OBJC_WEAK = YES;
				CLANG_WARN_BLOCK_CAPTURE_AUTORELEASING = YES;
				CLANG_WARN_BOOL_CONVERSION = YES;
				CLANG_WARN_COMMA = YES;
				CLANG_WARN_CONSTANT_CONVERSION = YES;
				CLANG_WARN_DEPRECATED_OBJC_IMPLEMENTATIONS = YES;
				CLANG_WARN_DIRECT_OBJC_ISA_USAGE = YES_ERROR;
				CLANG_WARN_DOCUMENTATION_COMMENTS = YES;
				CLANG_WARN_EMPTY_BODY = YES;
				CLANG_WARN_ENUM_CONVERSION = YES;
				CLANG_WARN_INFINITE_RECURSION = YES;
				CLANG_WARN_INT_CONVERSION = YES;
				CLANG_WARN_NON_LITERAL_NULL_CONVERSION = YES;
				CLANG_WARN_OBJC_IMPLICIT_RETAIN_SELF = YES;
				CLANG_WARN_OBJC_LITERAL_CONVERSION = YES;
				CLANG_WARN_OBJC_ROOT_CLASS = YES_ERROR;
				CLANG_WARN_RANGE_LOOP_ANALYSIS = YES;
				CLANG_WARN_STRICT_PROTOTYPES = YES;
				CLANG_WARN_SUSPICIOUS_MOVE = YES;
				CLANG_WARN_UNGUARDED_AVAILABILITY = YES_AGGRESSIVE;
				CLANG_WARN_UNREACHABLE_CODE = YES;
				CLANG_WARN__DUPLICATE_METHOD_MATCH = YES;
				COPY_PHASE_STRIP = NO;
				DEBUG_INFORMATION_FORMAT = dwarf;
				ENABLE_STRICT_OBJC_MSGSEND = YES;
				ENABLE_TESTABILITY = YES;
				GCC_C_LANGUAGE_STANDARD = gnu11;
				GCC_DYNAMIC_NO_PIC = NO;
				GCC_NO_COMMON_BLOCKS = YES;
				GCC_OPTIMIZATION_LEVEL = 0;
				GCC_PREPROCESSOR_DEFINITIONS = (
					"DEBUG=1",
					"$(inherited)",
				);
				GCC_WARN_64_TO_32_BIT_CONVERSION = YES;
				GCC_WARN_ABOUT_RETURN_TYPE = YES_ERROR;
				GCC_WARN_UNDECLARED_SELECTOR = YES;
				GCC_WARN_UNINITIALIZED_AUTOS = YES_AGGRESSIVE;
				GCC_WARN_UNUSED_FUNCTION = YES;
				GCC_WARN_UNUSED_VARIABLE = YES;
				MACOSX_DEPLOYMENT_TARGET = 10.15;
				MTL_ENABLE_DEBUG_INFO = INCLUDE_SOURCE;
				MTL_FAST_MATH = YES;
				ONLY_ACTIVE_ARCH = YES;
				SDKROOT = macosx;
			};
			name = Debug;
		};
		7F9DFFE424E83FF100D4714B /* Release */ = {
			isa = XCBuildConfiguration;
			buildSettings = {
				ALWAYS_SEARCH_USER_PATHS = NO;
				CLANG_ANALYZER_NONNULL = YES;
				CLANG_ANALYZER_NUMBER_OBJECT_CONVERSION = YES_AGGRESSIVE;
				CLANG_CXX_LANGUAGE_STANDARD = "gnu++14";
				CLANG_CXX_LIBRARY = "libc++";
				CLANG_ENABLE_MODULES = YES;
				CLANG_ENABLE_OBJC_ARC = YES;
				CLANG_ENABLE_OBJC_WEAK = YES;
				CLANG_WARN_BLOCK_CAPTURE_AUTORELEASING = YES;
				CLANG_WARN_BOOL_CONVERSION = YES;
				CLANG_WARN_COMMA = YES;
				CLANG_WARN_CONSTANT_CONVERSION = YES;
				CLANG_WARN_DEPRECATED_OBJC_IMPLEMENTATIONS = YES;
				CLANG_WARN_DIRECT_OBJC_ISA_USAGE = YES_ERROR;
				CLANG_WARN_DOCUMENTATION_COMMENTS = YES;
				CLANG_WARN_EMPTY_BODY = YES;
				CLANG_WARN_ENUM_CONVERSION = YES;
				CLANG_WARN_INFINITE_RECURSION = YES;
				CLANG_WARN_INT_CONVERSION = YES;
				CLANG_WARN_NON_LITERAL_NULL_CONVERSION = YES;
				CLANG_WARN_OBJC_IMPLICIT_RETAIN_SELF = YES;
				CLANG_WARN_OBJC_LITERAL_CONVERSION = YES;
				CLANG_WARN_OBJC_ROOT_CLASS = YES_ERROR;
				CLANG_WARN_RANGE_LOOP_ANALYSIS = YES;
				CLANG_WARN_STRICT_PROTOTYPES = YES;
				CLANG_WARN_SUSPICIOUS_MOVE = YES;
				CLANG_WARN_UNGUARDED_AVAILABILITY = YES_AGGRESSIVE;
				CLANG_WARN_UNREACHABLE_CODE = YES;
				CLANG_WARN__DUPLICATE_METHOD_MATCH = YES;
				COPY_PHASE_STRIP = NO;
				DEBUG_INFORMATION_FORMAT = "dwarf-with-dsym";
				ENABLE_NS_ASSERTIONS = NO;
				ENABLE_STRICT_OBJC_MSGSEND = YES;
				GCC_C_LANGUAGE_STANDARD = gnu11;
				GCC_NO_COMMON_BLOCKS = YES;
				GCC_WARN_64_TO_32_BIT_CONVERSION = YES;
				GCC_WARN_ABOUT_RETURN_TYPE = YES_ERROR;
				GCC_WARN_UNDECLARED_SELECTOR = YES;
				GCC_WARN_UNINITIALIZED_AUTOS = YES_AGGRESSIVE;
				GCC_WARN_UNUSED_FUNCTION = YES;
				GCC_WARN_UNUSED_VARIABLE = YES;
				MACOSX_DEPLOYMENT_TARGET = 10.15;
				MTL_ENABLE_DEBUG_INFO = NO;
				MTL_FAST_MATH = YES;
				SDKROOT = macosx;
			};
			name = Release;
		};
		7F9DFFE624E83FF100D4714B /* Debug */ = {
			isa = XCBuildConfiguration;
			buildSettings = {
				CODE_SIGN_STYLE = Automatic;
				DEVELOPMENT_TEAM = 3MLN3Q39SR;
				ENABLE_HARDENED_RUNTIME = YES;
				PRODUCT_NAME = "$(TARGET_NAME)";
			};
			name = Debug;
		};
		7F9DFFE724E83FF100D4714B /* Release */ = {
			isa = XCBuildConfiguration;
			buildSettings = {
				CODE_SIGN_STYLE = Automatic;
				DEVELOPMENT_TEAM = 3MLN3Q39SR;
				ENABLE_HARDENED_RUNTIME = YES;
				PRODUCT_NAME = "$(TARGET_NAME)";
			};
			name = Release;
		};
/* End XCBuildConfiguration section */

/* Begin XCConfigurationList section */
		7F9DFFD924E83FF000D4714B /* Build configuration list for PBXProject "Runtime" */ = {
			isa = XCConfigurationList;
			buildConfigurations = (
				7F9DFFE324E83FF100D4714B /* Debug */,
				7F9DFFE424E83FF100D4714B /* Release */,
			);
			defaultConfigurationIsVisible = 0;
			defaultConfigurationName = Release;
		};
		7F9DFFE524E83FF100D4714B /* Build configuration list for PBXNativeTarget "Runtime" */ = {
			isa = XCConfigurationList;
			buildConfigurations = (
				7F9DFFE624E83FF100D4714B /* Debug */,
				7F9DFFE724E83FF100D4714B /* Release */,
			);
			defaultConfigurationIsVisible = 0;
			defaultConfigurationName = Release;
		};
/* End XCConfigurationList section */
	};
	rootObject = 7F9DFFD624E83FF000D4714B /* Project object */;
}
