// !$*UTF8*$!
{
	archiveVersion = 1;
	classes = {
	};
	objectVersion = 50;
	objects = {

/* Begin PBXBuildFile section */
		7FFA6C5B24EE38DB0025E628 /* AppDelegate.m in Sources */ = {isa = PBXBuildFile; fileRef = 7FFA6C5A24EE38DB0025E628 /* AppDelegate.m */; };
		7FFA6C5E24EE38DB0025E628 /* SceneDelegate.m in Sources */ = {isa = PBXBuildFile; fileRef = 7FFA6C5D24EE38DB0025E628 /* SceneDelegate.m */; };
		7FFA6C6124EE38DB0025E628 /* ViewController.m in Sources */ = {isa = PBXBuildFile; fileRef = 7FFA6C6024EE38DB0025E628 /* ViewController.m */; };
		7FFA6C6424EE38DB0025E628 /* Main.storyboard in Resources */ = {isa = PBXBuildFile; fileRef = 7FFA6C6224EE38DB0025E628 /* Main.storyboard */; };
		7FFA6C6624EE38DF0025E628 /* Assets.xcassets in Resources */ = {isa = PBXBuildFile; fileRef = 7FFA6C6524EE38DF0025E628 /* Assets.xcassets */; };
		7FFA6C6924EE38DF0025E628 /* LaunchScreen.storyboard in Resources */ = {isa = PBXBuildFile; fileRef = 7FFA6C6724EE38DF0025E628 /* LaunchScreen.storyboard */; };
		7FFA6C6C24EE38DF0025E628 /* main.m in Sources */ = {isa = PBXBuildFile; fileRef = 7FFA6C6B24EE38DF0025E628 /* main.m */; };
		7FFA6C7424EE38FD0025E628 /* SecondViewController.m in Sources */ = {isa = PBXBuildFile; fileRef = 7FFA6C7324EE38FD0025E628 /* SecondViewController.m */; };
/* End PBXBuildFile section */

/* Begin PBXFileReference section */
		7FFA6C5624EE38DB0025E628 /* pushViewController.app */ = {isa = PBXFileReference; explicitFileType = wrapper.application; includeInIndex = 0; path = pushViewController.app; sourceTree = BUILT_PRODUCTS_DIR; };
		7FFA6C5924EE38DB0025E628 /* AppDelegate.h */ = {isa = PBXFileReference; lastKnownFileType = sourcecode.c.h; path = AppDelegate.h; sourceTree = "<group>"; };
		7FFA6C5A24EE38DB0025E628 /* AppDelegate.m */ = {isa = PBXFileReference; lastKnownFileType = sourcecode.c.objc; path = AppDelegate.m; sourceTree = "<group>"; };
		7FFA6C5C24EE38DB0025E628 /* SceneDelegate.h */ = {isa = PBXFileReference; lastKnownFileType = sourcecode.c.h; path = SceneDelegate.h; sourceTree = "<group>"; };
		7FFA6C5D24EE38DB0025E628 /* SceneDelegate.m */ = {isa = PBXFileReference; lastKnownFileType = sourcecode.c.objc; path = SceneDelegate.m; sourceTree = "<group>"; };
		7FFA6C5F24EE38DB0025E628 /* ViewController.h */ = {isa = PBXFileReference; lastKnownFileType = sourcecode.c.h; path = ViewController.h; sourceTree = "<group>"; };
		7FFA6C6024EE38DB0025E628 /* ViewController.m */ = {isa = PBXFileReference; lastKnownFileType = sourcecode.c.objc; path = ViewController.m; sourceTree = "<group>"; };
		7FFA6C6324EE38DB0025E628 /* Base */ = {isa = PBXFileReference; lastKnownFileType = file.storyboard; name = Base; path = Base.lproj/Main.storyboard; sourceTree = "<group>"; };
		7FFA6C6524EE38DF0025E628 /* Assets.xcassets */ = {isa = PBXFileReference; lastKnownFileType = folder.assetcatalog; path = Assets.xcassets; sourceTree = "<group>"; };
		7FFA6C6824EE38DF0025E628 /* Base */ = {isa = PBXFileReference; lastKnownFileType = file.storyboard; name = Base; path = Base.lproj/LaunchScreen.storyboard; sourceTree = "<group>"; };
		7FFA6C6A24EE38DF0025E628 /* Info.plist */ = {isa = PBXFileReference; lastKnownFileType = text.plist.xml; path = Info.plist; sourceTree = "<group>"; };
		7FFA6C6B24EE38DF0025E628 /* main.m */ = {isa = PBXFileReference; lastKnownFileType = sourcecode.c.objc; path = main.m; sourceTree = "<group>"; };
		7FFA6C7224EE38FD0025E628 /* SecondViewController.h */ = {isa = PBXFileReference; lastKnownFileType = sourcecode.c.h; path = SecondViewController.h; sourceTree = "<group>"; };
		7FFA6C7324EE38FD0025E628 /* SecondViewController.m */ = {isa = PBXFileReference; lastKnownFileType = sourcecode.c.objc; path = SecondViewController.m; sourceTree = "<group>"; };
/* End PBXFileReference section */

/* Begin PBXFrameworksBuildPhase section */
		7FFA6C5324EE38DB0025E628 /* Frameworks */ = {
			isa = PBXFrameworksBuildPhase;
			buildActionMask = 2147483647;
			files = (
			);
			runOnlyForDeploymentPostprocessing = 0;
		};
/* End PBXFrameworksBuildPhase section */

/* Begin PBXGroup section */
		7FFA6C4D24EE38DB0025E628 = {
			isa = PBXGroup;
			children = (
				7FFA6C5824EE38DB0025E628 /* pushViewController */,
				7FFA6C5724EE38DB0025E628 /* Products */,
			);
			sourceTree = "<group>";
		};
		7FFA6C5724EE38DB0025E628 /* Products */ = {
			isa = PBXGroup;
			children = (
				7FFA6C5624EE38DB0025E628 /* pushViewController.app */,
			);
			name = Products;
			sourceTree = "<group>";
		};
		7FFA6C5824EE38DB0025E628 /* pushViewController */ = {
			isa = PBXGroup;
			children = (
				7FFA6C5924EE38DB0025E628 /* AppDelegate.h */,
				7FFA6C5A24EE38DB0025E628 /* AppDelegate.m */,
				7FFA6C5C24EE38DB0025E628 /* SceneDelegate.h */,
				7FFA6C5D24EE38DB0025E628 /* SceneDelegate.m */,
				7FFA6C5F24EE38DB0025E628 /* ViewController.h */,
				7FFA6C6024EE38DB0025E628 /* ViewController.m */,
				7FFA6C7224EE38FD0025E628 /* SecondViewController.h */,
				7FFA6C7324EE38FD0025E628 /* SecondViewController.m */,
				7FFA6C6224EE38DB0025E628 /* Main.storyboard */,
				7FFA6C6524EE38DF0025E628 /* Assets.xcassets */,
				7FFA6C6724EE38DF0025E628 /* LaunchScreen.storyboard */,
				7FFA6C6A24EE38DF0025E628 /* Info.plist */,
				7FFA6C6B24EE38DF0025E628 /* main.m */,
			);
			path = pushViewController;
			sourceTree = "<group>";
		};
/* End PBXGroup section */

/* Begin PBXNativeTarget section */
		7FFA6C5524EE38DB0025E628 /* pushViewController */ = {
			isa = PBXNativeTarget;
			buildConfigurationList = 7FFA6C6F24EE38DF0025E628 /* Build configuration list for PBXNativeTarget "pushViewController" */;
			buildPhases = (
				7FFA6C5224EE38DB0025E628 /* Sources */,
				7FFA6C5324EE38DB0025E628 /* Frameworks */,
				7FFA6C5424EE38DB0025E628 /* Resources */,
			);
			buildRules = (
			);
			dependencies = (
			);
			name = pushViewController;
			productName = pushViewController;
			productReference = 7FFA6C5624EE38DB0025E628 /* pushViewController.app */;
			productType = "com.apple.product-type.application";
		};
/* End PBXNativeTarget section */

/* Begin PBXProject section */
		7FFA6C4E24EE38DB0025E628 /* Project object */ = {
			isa = PBXProject;
			attributes = {
				LastUpgradeCheck = 1160;
				ORGANIZATIONNAME = Personal;
				TargetAttributes = {
					7FFA6C5524EE38DB0025E628 = {
						CreatedOnToolsVersion = 11.6;
					};
				};
			};
			buildConfigurationList = 7FFA6C5124EE38DB0025E628 /* Build configuration list for PBXProject "pushViewController" */;
			compatibilityVersion = "Xcode 9.3";
			developmentRegion = en;
			hasScannedForEncodings = 0;
			knownRegions = (
				en,
				Base,
			);
			mainGroup = 7FFA6C4D24EE38DB0025E628;
			productRefGroup = 7FFA6C5724EE38DB0025E628 /* Products */;
			projectDirPath = "";
			projectRoot = "";
			targets = (
				7FFA6C5524EE38DB0025E628 /* pushViewController */,
			);
		};
/* End PBXProject section */

/* Begin PBXResourcesBuildPhase section */
		7FFA6C5424EE38DB0025E628 /* Resources */ = {
			isa = PBXResourcesBuildPhase;
			buildActionMask = 2147483647;
			files = (
				7FFA6C6924EE38DF0025E628 /* LaunchScreen.storyboard in Resources */,
				7FFA6C6624EE38DF0025E628 /* Assets.xcassets in Resources */,
				7FFA6C6424EE38DB0025E628 /* Main.storyboard in Resources */,
			);
			runOnlyForDeploymentPostprocessing = 0;
		};
/* End PBXResourcesBuildPhase section */

/* Begin PBXSourcesBuildPhase section */
		7FFA6C5224EE38DB0025E628 /* Sources */ = {
			isa = PBXSourcesBuildPhase;
			buildActionMask = 2147483647;
			files = (
				7FFA6C7424EE38FD0025E628 /* SecondViewController.m in Sources */,
				7FFA6C6124EE38DB0025E628 /* ViewController.m in Sources */,
				7FFA6C5B24EE38DB0025E628 /* AppDelegate.m in Sources */,
				7FFA6C6C24EE38DF0025E628 /* main.m in Sources */,
				7FFA6C5E24EE38DB0025E628 /* SceneDelegate.m in Sources */,
			);
			runOnlyForDeploymentPostprocessing = 0;
		};
/* End PBXSourcesBuildPhase section */

/* Begin PBXVariantGroup section */
		7FFA6C6224EE38DB0025E628 /* Main.storyboard */ = {
			isa = PBXVariantGroup;
			children = (
				7FFA6C6324EE38DB0025E628 /* Base */,
			);
			name = Main.storyboard;
			sourceTree = "<group>";
		};
		7FFA6C6724EE38DF0025E628 /* LaunchScreen.storyboard */ = {
			isa = PBXVariantGroup;
			children = (
				7FFA6C6824EE38DF0025E628 /* Base */,
			);
			name = LaunchScreen.storyboard;
			sourceTree = "<group>";
		};
/* End PBXVariantGroup section */

/* Begin XCBuildConfiguration section */
		7FFA6C6D24EE38DF0025E628 /* Debug */ = {
			isa = XCBuildConfiguration;
			buildSettings = {
				ALWAYS_SEARCH_USER_PATHS = NO;
				CLANG_ANALYZER_NONNULL = YES;
				CLANG_ANALYZER_NUMBER_OBJECT_CONVERSION = YES_AGGRESSIVE;
				CLANG_CXX_LANGUAGE_STANDARD = "gnu++14";
				CLANG_CXX_LIBRARY = "libc++";
				CLANG_ENABLE_MODULES = YES;
				CLANG_ENABLE_OBJC_ARC = YES;
				CLANG_ENABLE_OBJC_WEAK = YES;
				CLANG_WARN_BLOCK_CAPTURE_AUTORELEASING = YES;
				CLANG_WARN_BOOL_CONVERSION = YES;
				CLANG_WARN_COMMA = YES;
				CLANG_WARN_CONSTANT_CONVERSION = YES;
				CLANG_WARN_DEPRECATED_OBJC_IMPLEMENTATIONS = YES;
				CLANG_WARN_DIRECT_OBJC_ISA_USAGE = YES_ERROR;
				CLANG_WARN_DOCUMENTATION_COMMENTS = YES;
				CLANG_WARN_EMPTY_BODY = YES;
				CLANG_WARN_ENUM_CONVERSION = YES;
				CLANG_WARN_INFINITE_RECURSION = YES;
				CLANG_WARN_INT_CONVERSION = YES;
				CLANG_WARN_NON_LITERAL_NULL_CONVERSION = YES;
				CLANG_WARN_OBJC_IMPLICIT_RETAIN_SELF = YES;
				CLANG_WARN_OBJC_LITERAL_CONVERSION = YES;
				CLANG_WARN_OBJC_ROOT_CLASS = YES_ERROR;
				CLANG_WARN_RANGE_LOOP_ANALYSIS = YES;
				CLANG_WARN_STRICT_PROTOTYPES = YES;
				CLANG_WARN_SUSPICIOUS_MOVE = YES;
				CLANG_WARN_UNGUARDED_AVAILABILITY = YES_AGGRESSIVE;
				CLANG_WARN_UNREACHABLE_CODE = YES;
				CLANG_WARN__DUPLICATE_METHOD_MATCH = YES;
				COPY_PHASE_STRIP = NO;
				DEBUG_INFORMATION_FORMAT = dwarf;
				ENABLE_STRICT_OBJC_MSGSEND = YES;
				ENABLE_TESTABILITY = YES;
				GCC_C_LANGUAGE_STANDARD = gnu11;
				GCC_DYNAMIC_NO_PIC = NO;
				GCC_NO_COMMON_BLOCKS = YES;
				GCC_OPTIMIZATION_LEVEL = 0;
				GCC_PREPROCESSOR_DEFINITIONS = (
					"DEBUG=1",
					"$(inherited)",
				);
				GCC_WARN_64_TO_32_BIT_CONVERSION = YES;
				GCC_WARN_ABOUT_RETURN_TYPE = YES_ERROR;
				GCC_WARN_UNDECLARED_SELECTOR = YES;
				GCC_WARN_UNINITIALIZED_AUTOS = YES_AGGRESSIVE;
				GCC_WARN_UNUSED_FUNCTION = YES;
				GCC_WARN_UNUSED_VARIABLE = YES;
				IPHONEOS_DEPLOYMENT_TARGET = 13.6;
				MTL_ENABLE_DEBUG_INFO = INCLUDE_SOURCE;
				MTL_FAST_MATH = YES;
				ONLY_ACTIVE_ARCH = YES;
				SDKROOT = iphoneos;
			};
			name = Debug;
		};
		7FFA6C6E24EE38DF0025E628 /* Release */ = {
			isa = XCBuildConfiguration;
			buildSettings = {
				ALWAYS_SEARCH_USER_PATHS = NO;
				CLANG_ANALYZER_NONNULL = YES;
				CLANG_ANALYZER_NUMBER_OBJECT_CONVERSION = YES_AGGRESSIVE;
				CLANG_CXX_LANGUAGE_STANDARD = "gnu++14";
				CLANG_CXX_LIBRARY = "libc++";
				CLANG_ENABLE_MODULES = YES;
				CLANG_ENABLE_OBJC_ARC = YES;
				CLANG_ENABLE_OBJC_WEAK = YES;
				CLANG_WARN_BLOCK_CAPTURE_AUTORELEASING = YES;
				CLANG_WARN_BOOL_CONVERSION = YES;
				CLANG_WARN_COMMA = YES;
				CLANG_WARN_CONSTANT_CONVERSION = YES;
				CLANG_WARN_DEPRECATED_OBJC_IMPLEMENTATIONS = YES;
				CLANG_WARN_DIRECT_OBJC_ISA_USAGE = YES_ERROR;
				CLANG_WARN_DOCUMENTATION_COMMENTS = YES;
				CLANG_WARN_EMPTY_BODY = YES;
				CLANG_WARN_ENUM_CONVERSION = YES;
				CLANG_WARN_INFINITE_RECURSION = YES;
				CLANG_WARN_INT_CONVERSION = YES;
				CLANG_WARN_NON_LITERAL_NULL_CONVERSION = YES;
				CLANG_WARN_OBJC_IMPLICIT_RETAIN_SELF = YES;
				CLANG_WARN_OBJC_LITERAL_CONVERSION = YES;
				CLANG_WARN_OBJC_ROOT_CLASS = YES_ERROR;
				CLANG_WARN_RANGE_LOOP_ANALYSIS = YES;
				CLANG_WARN_STRICT_PROTOTYPES = YES;
				CLANG_WARN_SUSPICIOUS_MOVE = YES;
				CLANG_WARN_UNGUARDED_AVAILABILITY = YES_AGGRESSIVE;
				CLANG_WARN_UNREACHABLE_CODE = YES;
				CLANG_WARN__DUPLICATE_METHOD_MATCH = YES;
				COPY_PHASE_STRIP = NO;
				DEBUG_INFORMATION_FORMAT = "dwarf-with-dsym";
				ENABLE_NS_ASSERTIONS = NO;
				ENABLE_STRICT_OBJC_MSGSEND = YES;
				GCC_C_LANGUAGE_STANDARD = gnu11;
				GCC_NO_COMMON_BLOCKS = YES;
				GCC_WARN_64_TO_32_BIT_CONVERSION = YES;
				GCC_WARN_ABOUT_RETURN_TYPE = YES_ERROR;
				GCC_WARN_UNDECLARED_SELECTOR = YES;
				GCC_WARN_UNINITIALIZED_AUTOS = YES_AGGRESSIVE;
				GCC_WARN_UNUSED_FUNCTION = YES;
				GCC_WARN_UNUSED_VARIABLE = YES;
				IPHONEOS_DEPLOYMENT_TARGET = 13.6;
				MTL_ENABLE_DEBUG_INFO = NO;
				MTL_FAST_MATH = YES;
				SDKROOT = iphoneos;
				VALIDATE_PRODUCT = YES;
			};
			name = Release;
		};
		7FFA6C7024EE38DF0025E628 /* Debug */ = {
			isa = XCBuildConfiguration;
			buildSettings = {
				ASSETCATALOG_COMPILER_APPICON_NAME = AppIcon;
				CODE_SIGN_STYLE = Automatic;
				DEVELOPMENT_TEAM = 3MLN3Q39SR;
				INFOPLIST_FILE = pushViewController/Info.plist;
				LD_RUNPATH_SEARCH_PATHS = (
					"$(inherited)",
					"@executable_path/Frameworks",
				);
				PRODUCT_BUNDLE_IDENTIFIER = Personal.pushViewController;
				PRODUCT_NAME = "$(TARGET_NAME)";
				TARGETED_DEVICE_FAMILY = "1,2";
			};
			name = Debug;
		};
		7FFA6C7124EE38DF0025E628 /* Release */ = {
			isa = XCBuildConfiguration;
			buildSettings = {
				ASSETCATALOG_COMPILER_APPICON_NAME = AppIcon;
				CODE_SIGN_STYLE = Automatic;
				DEVELOPMENT_TEAM = 3MLN3Q39SR;
				INFOPLIST_FILE = pushViewController/Info.plist;
				LD_RUNPATH_SEARCH_PATHS = (
					"$(inherited)",
					"@executable_path/Frameworks",
				);
				PRODUCT_BUNDLE_IDENTIFIER = Personal.pushViewController;
				PRODUCT_NAME = "$(TARGET_NAME)";
				TARGETED_DEVICE_FAMILY = "1,2";
			};
			name = Release;
		};
/* End XCBuildConfiguration section */

/* Begin XCConfigurationList section */
		7FFA6C5124EE38DB0025E628 /* Build configuration list for PBXProject "pushViewController" */ = {
			isa = XCConfigurationList;
			buildConfigurations = (
				7FFA6C6D24EE38DF0025E628 /* Debug */,
				7FFA6C6E24EE38DF0025E628 /* Release */,
			);
			defaultConfigurationIsVisible = 0;
			defaultConfigurationName = Release;
		};
		7FFA6C6F24EE38DF0025E628 /* Build configuration list for PBXNativeTarget "pushViewController" */ = {
			isa = XCConfigurationList;
			buildConfigurations = (
				7FFA6C7024EE38DF0025E628 /* Debug */,
				7FFA6C7124EE38DF0025E628 /* Release */,
			);
			defaultConfigurationIsVisible = 0;
			defaultConfigurationName = Release;
		};
/* End XCConfigurationList section */
	};
	rootObject = 7FFA6C4E24EE38DB0025E628 /* Project object */;
}
