// !$*UTF8*$!
{
	archiveVersion = 1;
	classes = {
	};
	objectVersion = 50;
	objects = {

/* Begin PBXBuildFile section */
		811F4942225CACEF0096F9A7 /* AppDelegate.m in Sources */ = {isa = PBXBuildFile; fileRef = 811F4941225CACEF0096F9A7 /* AppDelegate.m */; };
		811F4945225CACEF0096F9A7 /* ViewController.m in Sources */ = {isa = PBXBuildFile; fileRef = 811F4944225CACEF0096F9A7 /* ViewController.m */; };
		811F4948225CACEF0096F9A7 /* Main.storyboard in Resources */ = {isa = PBXBuildFile; fileRef = 811F4946225CACEF0096F9A7 /* Main.storyboard */; };
		811F494A225CACF00096F9A7 /* Assets.xcassets in Resources */ = {isa = PBXBuildFile; fileRef = 811F4949225CACF00096F9A7 /* Assets.xcassets */; };
		811F494D225CACF00096F9A7 /* LaunchScreen.storyboard in Resources */ = {isa = PBXBuildFile; fileRef = 811F494B225CACF00096F9A7 /* LaunchScreen.storyboard */; };
		811F4950225CACF00096F9A7 /* main.m in Sources */ = {isa = PBXBuildFile; fileRef = 811F494F225CACF00096F9A7 /* main.m */; };
		811F4958225CAD3D0096F9A7 /* IndexedTableview.m in Sources */ = {isa = PBXBuildFile; fileRef = 811F4957225CAD3D0096F9A7 /* IndexedTableview.m */; };
		811F495B225CAD770096F9A7 /* ViewReusePool.m in Sources */ = {isa = PBXBuildFile; fileRef = 811F495A225CAD770096F9A7 /* ViewReusePool.m */; };
/* End PBXBuildFile section */

/* Begin PBXFileReference section */
		811F493D225CACEF0096F9A7 /* UITableView重用机制索引条.app */ = {isa = PBXFileReference; explicitFileType = wrapper.application; includeInIndex = 0; path = "UITableView重用机制索引条.app"; sourceTree = BUILT_PRODUCTS_DIR; };
		811F4940225CACEF0096F9A7 /* AppDelegate.h */ = {isa = PBXFileReference; lastKnownFileType = sourcecode.c.h; path = AppDelegate.h; sourceTree = "<group>"; };
		811F4941225CACEF0096F9A7 /* AppDelegate.m */ = {isa = PBXFileReference; lastKnownFileType = sourcecode.c.objc; path = AppDelegate.m; sourceTree = "<group>"; };
		811F4943225CACEF0096F9A7 /* ViewController.h */ = {isa = PBXFileReference; lastKnownFileType = sourcecode.c.h; path = ViewController.h; sourceTree = "<group>"; };
		811F4944225CACEF0096F9A7 /* ViewController.m */ = {isa = PBXFileReference; lastKnownFileType = sourcecode.c.objc; path = ViewController.m; sourceTree = "<group>"; };
		811F4947225CACEF0096F9A7 /* Base */ = {isa = PBXFileReference; lastKnownFileType = file.storyboard; name = Base; path = Base.lproj/Main.storyboard; sourceTree = "<group>"; };
		811F4949225CACF00096F9A7 /* Assets.xcassets */ = {isa = PBXFileReference; lastKnownFileType = folder.assetcatalog; path = Assets.xcassets; sourceTree = "<group>"; };
		811F494C225CACF00096F9A7 /* Base */ = {isa = PBXFileReference; lastKnownFileType = file.storyboard; name = Base; path = Base.lproj/LaunchScreen.storyboard; sourceTree = "<group>"; };
		811F494E225CACF00096F9A7 /* Info.plist */ = {isa = PBXFileReference; lastKnownFileType = text.plist.xml; path = Info.plist; sourceTree = "<group>"; };
		811F494F225CACF00096F9A7 /* main.m */ = {isa = PBXFileReference; lastKnownFileType = sourcecode.c.objc; path = main.m; sourceTree = "<group>"; };
		811F4956225CAD3D0096F9A7 /* IndexedTableview.h */ = {isa = PBXFileReference; lastKnownFileType = sourcecode.c.h; path = IndexedTableview.h; sourceTree = "<group>"; };
		811F4957225CAD3D0096F9A7 /* IndexedTableview.m */ = {isa = PBXFileReference; lastKnownFileType = sourcecode.c.objc; path = IndexedTableview.m; sourceTree = "<group>"; };
		811F4959225CAD770096F9A7 /* ViewReusePool.h */ = {isa = PBXFileReference; lastKnownFileType = sourcecode.c.h; path = ViewReusePool.h; sourceTree = "<group>"; };
		811F495A225CAD770096F9A7 /* ViewReusePool.m */ = {isa = PBXFileReference; lastKnownFileType = sourcecode.c.objc; path = ViewReusePool.m; sourceTree = "<group>"; };
/* End PBXFileReference section */

/* Begin PBXFrameworksBuildPhase section */
		811F493A225CACEF0096F9A7 /* Frameworks */ = {
			isa = PBXFrameworksBuildPhase;
			buildActionMask = 2147483647;
			files = (
			);
			runOnlyForDeploymentPostprocessing = 0;
		};
/* End PBXFrameworksBuildPhase section */

/* Begin PBXGroup section */
		811F4934225CACEF0096F9A7 = {
			isa = PBXGroup;
			children = (
				811F493F225CACEF0096F9A7 /* UITableView重用机制索引条 */,
				811F493E225CACEF0096F9A7 /* Products */,
			);
			sourceTree = "<group>";
		};
		811F493E225CACEF0096F9A7 /* Products */ = {
			isa = PBXGroup;
			children = (
				811F493D225CACEF0096F9A7 /* UITableView重用机制索引条.app */,
			);
			name = Products;
			sourceTree = "<group>";
		};
		811F493F225CACEF0096F9A7 /* UITableView重用机制索引条 */ = {
			isa = PBXGroup;
			children = (
				811F4940225CACEF0096F9A7 /* AppDelegate.h */,
				811F4941225CACEF0096F9A7 /* AppDelegate.m */,
				811F4959225CAD770096F9A7 /* ViewReusePool.h */,
				811F495A225CAD770096F9A7 /* ViewReusePool.m */,
				811F4956225CAD3D0096F9A7 /* IndexedTableview.h */,
				811F4957225CAD3D0096F9A7 /* IndexedTableview.m */,
				811F4943225CACEF0096F9A7 /* ViewController.h */,
				811F4944225CACEF0096F9A7 /* ViewController.m */,
				811F4946225CACEF0096F9A7 /* Main.storyboard */,
				811F4949225CACF00096F9A7 /* Assets.xcassets */,
				811F494B225CACF00096F9A7 /* LaunchScreen.storyboard */,
				811F494E225CACF00096F9A7 /* Info.plist */,
				811F494F225CACF00096F9A7 /* main.m */,
			);
			path = "UITableView重用机制索引条";
			sourceTree = "<group>";
		};
/* End PBXGroup section */

/* Begin PBXNativeTarget section */
		811F493C225CACEF0096F9A7 /* UITableView重用机制索引条 */ = {
			isa = PBXNativeTarget;
			buildConfigurationList = 811F4953225CACF00096F9A7 /* Build configuration list for PBXNativeTarget "UITableView重用机制索引条" */;
			buildPhases = (
				811F4939225CACEF0096F9A7 /* Sources */,
				811F493A225CACEF0096F9A7 /* Frameworks */,
				811F493B225CACEF0096F9A7 /* Resources */,
			);
			buildRules = (
			);
			dependencies = (
			);
			name = "UITableView重用机制索引条";
			productName = "UITableView重用机制索引条";
			productReference = 811F493D225CACEF0096F9A7 /* UITableView重用机制索引条.app */;
			productType = "com.apple.product-type.application";
		};
/* End PBXNativeTarget section */

/* Begin PBXProject section */
		811F4935225CACEF0096F9A7 /* Project object */ = {
			isa = PBXProject;
			attributes = {
				LastUpgradeCheck = 1020;
				ORGANIZATIONNAME = personal;
				TargetAttributes = {
					811F493C225CACEF0096F9A7 = {
						CreatedOnToolsVersion = 10.2;
					};
				};
			};
			buildConfigurationList = 811F4938225CACEF0096F9A7 /* Build configuration list for PBXProject "UITableView重用机制索引条" */;
			compatibilityVersion = "Xcode 9.3";
			developmentRegion = en;
			hasScannedForEncodings = 0;
			knownRegions = (
				en,
				Base,
			);
			mainGroup = 811F4934225CACEF0096F9A7;
			productRefGroup = 811F493E225CACEF0096F9A7 /* Products */;
			projectDirPath = "";
			projectRoot = "";
			targets = (
				811F493C225CACEF0096F9A7 /* UITableView重用机制索引条 */,
			);
		};
/* End PBXProject section */

/* Begin PBXResourcesBuildPhase section */
		811F493B225CACEF0096F9A7 /* Resources */ = {
			isa = PBXResourcesBuildPhase;
			buildActionMask = 2147483647;
			files = (
				811F494D225CACF00096F9A7 /* LaunchScreen.storyboard in Resources */,
				811F494A225CACF00096F9A7 /* Assets.xcassets in Resources */,
				811F4948225CACEF0096F9A7 /* Main.storyboard in Resources */,
			);
			runOnlyForDeploymentPostprocessing = 0;
		};
/* End PBXResourcesBuildPhase section */

/* Begin PBXSourcesBuildPhase section */
		811F4939225CACEF0096F9A7 /* Sources */ = {
			isa = PBXSourcesBuildPhase;
			buildActionMask = 2147483647;
			files = (
				811F4945225CACEF0096F9A7 /* ViewController.m in Sources */,
				811F4958225CAD3D0096F9A7 /* IndexedTableview.m in Sources */,
				811F4950225CACF00096F9A7 /* main.m in Sources */,
				811F495B225CAD770096F9A7 /* ViewReusePool.m in Sources */,
				811F4942225CACEF0096F9A7 /* AppDelegate.m in Sources */,
			);
			runOnlyForDeploymentPostprocessing = 0;
		};
/* End PBXSourcesBuildPhase section */

/* Begin PBXVariantGroup section */
		811F4946225CACEF0096F9A7 /* Main.storyboard */ = {
			isa = PBXVariantGroup;
			children = (
				811F4947225CACEF0096F9A7 /* Base */,
			);
			name = Main.storyboard;
			sourceTree = "<group>";
		};
		811F494B225CACF00096F9A7 /* LaunchScreen.storyboard */ = {
			isa = PBXVariantGroup;
			children = (
				811F494C225CACF00096F9A7 /* Base */,
			);
			name = LaunchScreen.storyboard;
			sourceTree = "<group>";
		};
/* End PBXVariantGroup section */

/* Begin XCBuildConfiguration section */
		811F4951225CACF00096F9A7 /* Debug */ = {
			isa = XCBuildConfiguration;
			buildSettings = {
				ALWAYS_SEARCH_USER_PATHS = NO;
				CLANG_ANALYZER_NONNULL = YES;
				CLANG_ANALYZER_NUMBER_OBJECT_CONVERSION = YES_AGGRESSIVE;
				CLANG_CXX_LANGUAGE_STANDARD = "gnu++14";
				CLANG_CXX_LIBRARY = "libc++";
				CLANG_ENABLE_MODULES = YES;
				CLANG_ENABLE_OBJC_ARC = YES;
				CLANG_ENABLE_OBJC_WEAK = YES;
				CLANG_WARN_BLOCK_CAPTURE_AUTORELEASING = YES;
				CLANG_WARN_BOOL_CONVERSION = YES;
				CLANG_WARN_COMMA = YES;
				CLANG_WARN_CONSTANT_CONVERSION = YES;
				CLANG_WARN_DEPRECATED_OBJC_IMPLEMENTATIONS = YES;
				CLANG_WARN_DIRECT_OBJC_ISA_USAGE = YES_ERROR;
				CLANG_WARN_DOCUMENTATION_COMMENTS = YES;
				CLANG_WARN_EMPTY_BODY = YES;
				CLANG_WARN_ENUM_CONVERSION = YES;
				CLANG_WARN_INFINITE_RECURSION = YES;
				CLANG_WARN_INT_CONVERSION = YES;
				CLANG_WARN_NON_LITERAL_NULL_CONVERSION = YES;
				CLANG_WARN_OBJC_IMPLICIT_RETAIN_SELF = YES;
				CLANG_WARN_OBJC_LITERAL_CONVERSION = YES;
				CLANG_WARN_OBJC_ROOT_CLASS = YES_ERROR;
				CLANG_WARN_RANGE_LOOP_ANALYSIS = YES;
				CLANG_WARN_STRICT_PROTOTYPES = YES;
				CLANG_WARN_SUSPICIOUS_MOVE = YES;
				CLANG_WARN_UNGUARDED_AVAILABILITY = YES_AGGRESSIVE;
				CLANG_WARN_UNREACHABLE_CODE = YES;
				CLANG_WARN__DUPLICATE_METHOD_MATCH = YES;
				CODE_SIGN_IDENTITY = "iPhone Developer";
				COPY_PHASE_STRIP = NO;
				DEBUG_INFORMATION_FORMAT = dwarf;
				ENABLE_STRICT_OBJC_MSGSEND = YES;
				ENABLE_TESTABILITY = YES;
				GCC_C_LANGUAGE_STANDARD = gnu11;
				GCC_DYNAMIC_NO_PIC = NO;
				GCC_NO_COMMON_BLOCKS = YES;
				GCC_OPTIMIZATION_LEVEL = 0;
				GCC_PREPROCESSOR_DEFINITIONS = (
					"DEBUG=1",
					"$(inherited)",
				);
				GCC_WARN_64_TO_32_BIT_CONVERSION = YES;
				GCC_WARN_ABOUT_RETURN_TYPE = YES_ERROR;
				GCC_WARN_UNDECLARED_SELECTOR = YES;
				GCC_WARN_UNINITIALIZED_AUTOS = YES_AGGRESSIVE;
				GCC_WARN_UNUSED_FUNCTION = YES;
				GCC_WARN_UNUSED_VARIABLE = YES;
				IPHONEOS_DEPLOYMENT_TARGET = 12.2;
				MTL_ENABLE_DEBUG_INFO = INCLUDE_SOURCE;
				MTL_FAST_MATH = YES;
				ONLY_ACTIVE_ARCH = YES;
				SDKROOT = iphoneos;
			};
			name = Debug;
		};
		811F4952225CACF00096F9A7 /* Release */ = {
			isa = XCBuildConfiguration;
			buildSettings = {
				ALWAYS_SEARCH_USER_PATHS = NO;
				CLANG_ANALYZER_NONNULL = YES;
				CLANG_ANALYZER_NUMBER_OBJECT_CONVERSION = YES_AGGRESSIVE;
				CLANG_CXX_LANGUAGE_STANDARD = "gnu++14";
				CLANG_CXX_LIBRARY = "libc++";
				CLANG_ENABLE_MODULES = YES;
				CLANG_ENABLE_OBJC_ARC = YES;
				CLANG_ENABLE_OBJC_WEAK = YES;
				CLANG_WARN_BLOCK_CAPTURE_AUTORELEASING = YES;
				CLANG_WARN_BOOL_CONVERSION = YES;
				CLANG_WARN_COMMA = YES;
				CLANG_WARN_CONSTANT_CONVERSION = YES;
				CLANG_WARN_DEPRECATED_OBJC_IMPLEMENTATIONS = YES;
				CLANG_WARN_DIRECT_OBJC_ISA_USAGE = YES_ERROR;
				CLANG_WARN_DOCUMENTATION_COMMENTS = YES;
				CLANG_WARN_EMPTY_BODY = YES;
				CLANG_WARN_ENUM_CONVERSION = YES;
				CLANG_WARN_INFINITE_RECURSION = YES;
				CLANG_WARN_INT_CONVERSION = YES;
				CLANG_WARN_NON_LITERAL_NULL_CONVERSION = YES;
				CLANG_WARN_OBJC_IMPLICIT_RETAIN_SELF = YES;
				CLANG_WARN_OBJC_LITERAL_CONVERSION = YES;
				CLANG_WARN_OBJC_ROOT_CLASS = YES_ERROR;
				CLANG_WARN_RANGE_LOOP_ANALYSIS = YES;
				CLANG_WARN_STRICT_PROTOTYPES = YES;
				CLANG_WARN_SUSPICIOUS_MOVE = YES;
				CLANG_WARN_UNGUARDED_AVAILABILITY = YES_AGGRESSIVE;
				CLANG_WARN_UNREACHABLE_CODE = YES;
				CLANG_WARN__DUPLICATE_METHOD_MATCH = YES;
				CODE_SIGN_IDENTITY = "iPhone Developer";
				COPY_PHASE_STRIP = NO;
				DEBUG_INFORMATION_FORMAT = "dwarf-with-dsym";
				ENABLE_NS_ASSERTIONS = NO;
				ENABLE_STRICT_OBJC_MSGSEND = YES;
				GCC_C_LANGUAGE_STANDARD = gnu11;
				GCC_NO_COMMON_BLOCKS = YES;
				GCC_WARN_64_TO_32_BIT_CONVERSION = YES;
				GCC_WARN_ABOUT_RETURN_TYPE = YES_ERROR;
				GCC_WARN_UNDECLARED_SELECTOR = YES;
				GCC_WARN_UNINITIALIZED_AUTOS = YES_AGGRESSIVE;
				GCC_WARN_UNUSED_FUNCTION = YES;
				GCC_WARN_UNUSED_VARIABLE = YES;
				IPHONEOS_DEPLOYMENT_TARGET = 12.2;
				MTL_ENABLE_DEBUG_INFO = NO;
				MTL_FAST_MATH = YES;
				SDKROOT = iphoneos;
				VALIDATE_PRODUCT = YES;
			};
			name = Release;
		};
		811F4954225CACF00096F9A7 /* Debug */ = {
			isa = XCBuildConfiguration;
			buildSettings = {
				ASSETCATALOG_COMPILER_APPICON_NAME = AppIcon;
				CODE_SIGN_STYLE = Automatic;
				DEVELOPMENT_TEAM = YPG6HAPUD5;
				INFOPLIST_FILE = "UITableView重用机制索引条/Info.plist";
				LD_RUNPATH_SEARCH_PATHS = (
					"$(inherited)",
					"@executable_path/Frameworks",
				);
				PRODUCT_BUNDLE_IDENTIFIER = "com.personal.UITableView-------";
				PRODUCT_NAME = "$(TARGET_NAME)";
				TARGETED_DEVICE_FAMILY = "1,2";
			};
			name = Debug;
		};
		811F4955225CACF00096F9A7 /* Release */ = {
			isa = XCBuildConfiguration;
			buildSettings = {
				ASSETCATALOG_COMPILER_APPICON_NAME = AppIcon;
				CODE_SIGN_STYLE = Automatic;
				DEVELOPMENT_TEAM = YPG6HAPUD5;
				INFOPLIST_FILE = "UITableView重用机制索引条/Info.plist";
				LD_RUNPATH_SEARCH_PATHS = (
					"$(inherited)",
					"@executable_path/Frameworks",
				);
				PRODUCT_BUNDLE_IDENTIFIER = "com.personal.UITableView-------";
				PRODUCT_NAME = "$(TARGET_NAME)";
				TARGETED_DEVICE_FAMILY = "1,2";
			};
			name = Release;
		};
/* End XCBuildConfiguration section */

/* Begin XCConfigurationList section */
		811F4938225CACEF0096F9A7 /* Build configuration list for PBXProject "UITableView重用机制索引条" */ = {
			isa = XCConfigurationList;
			buildConfigurations = (
				811F4951225CACF00096F9A7 /* Debug */,
				811F4952225CACF00096F9A7 /* Release */,
			);
			defaultConfigurationIsVisible = 0;
			defaultConfigurationName = Release;
		};
		811F4953225CACF00096F9A7 /* Build configuration list for PBXNativeTarget "UITableView重用机制索引条" */ = {
			isa = XCConfigurationList;
			buildConfigurations = (
				811F4954225CACF00096F9A7 /* Debug */,
				811F4955225CACF00096F9A7 /* Release */,
			);
			defaultConfigurationIsVisible = 0;
			defaultConfigurationName = Release;
		};
/* End XCConfigurationList section */
	};
	rootObject = 811F4935225CACEF0096F9A7 /* Project object */;
}
